
Microsoft Visual Studio Solution File, Format Version 12.00
# Visual Studio Version 17
VisualStudioVersion = 17.5.33530.505
MinimumVisualStudioVersion = 10.0.40219.1
Project("{FAE04EC0-301F-11D3-BF4B-00C04F79EFBC}") = "SlugGenerators", "SlugGenerators\SlugGenerators.csproj", "{90CC773E-EC90-423C-94DE-5D1D50A65AB8}"
EndProject
Project("{FAE04EC0-301F-11D3-BF4B-00C04F79EFBC}") = "SlugGenerator.UnitTests", "SlugGenerator.UnitTests\SlugGenerator.UnitTests.csproj", "{DC1E7D41-9FDE-468C-89F8-95DD8CDA2A2B}"
EndProject
Global
	GlobalSection(SolutionConfigurationPlatforms) = preSolution
		Debug|Any CPU = Debug|Any CPU
		Release|Any CPU = Release|Any CPU
	EndGlobalSection
	GlobalSection(ProjectConfigurationPlatforms) = postSolution
		{90CC773E-EC90-423C-94DE-5D1D50A65AB8}.Debug|Any CPU.ActiveCfg = Debug|Any CPU
		{90CC773E-EC90-423C-94DE-5D1D50A65AB8}.Debug|Any CPU.Build.0 = Debug|Any CPU
		{90CC773E-EC90-423C-94DE-5D1D50A65AB8}.Release|Any CPU.ActiveCfg = Release|Any CPU
		{90CC773E-EC90-423C-94DE-5D1D50A65AB8}.Release|Any CPU.Build.0 = Release|Any CPU
		{DC1E7D41-9FDE-468C-89F8-95DD8CDA2A2B}.Debug|Any CPU.ActiveCfg = Debug|Any CPU
		{DC1E7D41-9FDE-468C-89F8-95DD8CDA2A2B}.Debug|Any CPU.Build.0 = Debug|Any CPU
		{DC1E7D41-9FDE-468C-89F8-95DD8CDA2A2B}.Release|Any CPU.ActiveCfg = Release|Any CPU
		{DC1E7D41-9FDE-468C-89F8-95DD8CDA2A2B}.Release|Any CPU.Build.0 = Release|Any CPU
	EndGlobalSection
	GlobalSection(SolutionProperties) = preSolution
		HideSolutionNode = FALSE
	EndGlobalSection
	GlobalSection(ExtensibilityGlobals) = postSolution
		SolutionGuid = {107CE4C0-F06B-4B87-AB1B-1322218AA625}
	EndGlobalSection
EndGlobal
